
Microsoft Visual Studio Solution File, Format Version 12.00
# Visual Studio 2015
Project("{FAE04EC0-301F-11D3-BF4B-00C04F79EFBC}") = "ggj2018.unity.CSharp", "ggj2018.unity.CSharp.csproj", "{9750CCD7-4FC9-B6A5-E265-823D0C074A34}"
EndProject
Project("{FAE04EC0-301F-11D3-BF4B-00C04F79EFBC}") = "ggj2018.unity.CSharp.Plugins", "ggj2018.unity.CSharp.Plugins.csproj", "{372D3DBE-2797-64B9-1B68-2FB32BE8139C}"
EndProject
Project("{FAE04EC0-301F-11D3-BF4B-00C04F79EFBC}") = "ggj2018.unity.CSharp.Editor", "ggj2018.unity.CSharp.Editor.csproj", "{32C4D584-3198-08F2-75DA-1881A56B244F}"
EndProject
Global
	GlobalSection(SolutionConfigurationPlatforms) = preSolution
		Debug|Any CPU = Debug|Any CPU
		Release|Any CPU = Release|Any CPU
	EndGlobalSection
	GlobalSection(ProjectConfigurationPlatforms) = postSolution
		{9750CCD7-4FC9-B6A5-E265-823D0C074A34}.Debug|Any CPU.ActiveCfg = Debug|Any CPU
		{9750CCD7-4FC9-B6A5-E265-823D0C074A34}.Debug|Any CPU.Build.0 = Debug|Any CPU
		{9750CCD7-4FC9-B6A5-E265-823D0C074A34}.Release|Any CPU.ActiveCfg = Release|Any CPU
		{9750CCD7-4FC9-B6A5-E265-823D0C074A34}.Release|Any CPU.Build.0 = Release|Any CPU
		{372D3DBE-2797-64B9-1B68-2FB32BE8139C}.Debug|Any CPU.ActiveCfg = Debug|Any CPU
		{372D3DBE-2797-64B9-1B68-2FB32BE8139C}.Debug|Any CPU.Build.0 = Debug|Any CPU
		{372D3DBE-2797-64B9-1B68-2FB32BE8139C}.Release|Any CPU.ActiveCfg = Release|Any CPU
		{372D3DBE-2797-64B9-1B68-2FB32BE8139C}.Release|Any CPU.Build.0 = Release|Any CPU
		{32C4D584-3198-08F2-75DA-1881A56B244F}.Debug|Any CPU.ActiveCfg = Debug|Any CPU
		{32C4D584-3198-08F2-75DA-1881A56B244F}.Debug|Any CPU.Build.0 = Debug|Any CPU
		{32C4D584-3198-08F2-75DA-1881A56B244F}.Release|Any CPU.ActiveCfg = Release|Any CPU
		{32C4D584-3198-08F2-75DA-1881A56B244F}.Release|Any CPU.Build.0 = Release|Any CPU
	EndGlobalSection
	GlobalSection(SolutionProperties) = preSolution
		HideSolutionNode = FALSE
	EndGlobalSection
EndGlobal
